PODS:
  - Alamofire (5.2.2)
  - Cosmos (22.1.0)

DEPENDENCIES:
  - Alamofire
  - Cosmos (~> 22.1)

SPEC REPOS:
  trunk:
    - Alamofire
    - Cosmos

SPEC CHECKSUMS:
  Alamofire: 814429acc853c6c54ff123fc3d2ef66803823ce0
  Cosmos: 2795b36ad4bbea1af3050d6d65576ed63875f86a

PODFILE CHECKSUM: 779d16f4609c4c1e7f09e9bef1bd7be3b02bd2b3

COCOAPODS: 1.9.3
