// !$*UTF8*$!
{
	archiveVersion = 1;
	classes = {
	};
	objectVersion = 51;
	objects = {

/* Begin PBXBuildFile section */
		2BC36A764DD0F0744E288252 /* Pods_MoviesMVVMApp.framework in Frameworks */ = {isa = PBXBuildFile; fileRef = DEA3E8B8B7919D1EFFFBFC0B /* Pods_MoviesMVVMApp.framework */; };
		4442D54124FFC3360018C3D8 /* MovieDetailsViewController.swift in Sources */ = {isa = PBXBuildFile; fileRef = 4442D54024FFC3360018C3D8 /* MovieDetailsViewController.swift */; };
		4492937824FAEC77005B20AF /* AppDelegate.swift in Sources */ = {isa = PBXBuildFile; fileRef = 4492937724FAEC77005B20AF /* AppDelegate.swift */; };
		4492937A24FAEC77005B20AF /* SceneDelegate.swift in Sources */ = {isa = PBXBuildFile; fileRef = 4492937924FAEC77005B20AF /* SceneDelegate.swift */; };
		4492937C24FAEC77005B20AF /* ViewController.swift in Sources */ = {isa = PBXBuildFile; fileRef = 4492937B24FAEC77005B20AF /* ViewController.swift */; };
		4492937F24FAEC77005B20AF /* Main.storyboard in Resources */ = {isa = PBXBuildFile; fileRef = 4492937D24FAEC77005B20AF /* Main.storyboard */; };
		4492938124FAEC80005B20AF /* Assets.xcassets in Resources */ = {isa = PBXBuildFile; fileRef = 4492938024FAEC80005B20AF /* Assets.xcassets */; };
		4492938424FAEC80005B20AF /* LaunchScreen.storyboard in Resources */ = {isa = PBXBuildFile; fileRef = 4492938224FAEC80005B20AF /* LaunchScreen.storyboard */; };
		4492938C24FAEE58005B20AF /* Movie.swift in Sources */ = {isa = PBXBuildFile; fileRef = 4492938B24FAEE58005B20AF /* Movie.swift */; };
		4492938F24FAF869005B20AF /* MovieAPIManager.swift in Sources */ = {isa = PBXBuildFile; fileRef = 4492938E24FAF869005B20AF /* MovieAPIManager.swift */; };
		4492939224FAF884005B20AF /* APIManager.swift in Sources */ = {isa = PBXBuildFile; fileRef = 4492939124FAF884005B20AF /* APIManager.swift */; };
		4492939624FB0899005B20AF /* NetworkError.swift in Sources */ = {isa = PBXBuildFile; fileRef = 4492939524FB0899005B20AF /* NetworkError.swift */; };
		4492939924FD492D005B20AF /* MoviesData.swift in Sources */ = {isa = PBXBuildFile; fileRef = 4492939824FD492D005B20AF /* MoviesData.swift */; };
		4492939B24FD4D6A005B20AF /* MoviesViewModel.swift in Sources */ = {isa = PBXBuildFile; fileRef = 4492939A24FD4D6A005B20AF /* MoviesViewModel.swift */; };
		44F26AD824FE42C7006D3E92 /* TodayMovieCell.swift in Sources */ = {isa = PBXBuildFile; fileRef = 44F26AD724FE42C7006D3E92 /* TodayMovieCell.swift */; };
		44F26ADA24FE4354006D3E92 /* ChipView.swift in Sources */ = {isa = PBXBuildFile; fileRef = 44F26AD924FE4354006D3E92 /* ChipView.swift */; };
		44F26ADC24FE587E006D3E92 /* MovieViewModel.swift in Sources */ = {isa = PBXBuildFile; fileRef = 44F26ADB24FE587E006D3E92 /* MovieViewModel.swift */; };
		44F26ADF24FE6772006D3E92 /* ImageView + MA.swift in Sources */ = {isa = PBXBuildFile; fileRef = 44F26ADE24FE6772006D3E92 /* ImageView + MA.swift */; };
		44F26AE124FE67C0006D3E92 /* ImageCache.swift in Sources */ = {isa = PBXBuildFile; fileRef = 44F26AE024FE67C0006D3E92 /* ImageCache.swift */; };
		44F26AE324FE8129006D3E92 /* TopRatedCell.swift in Sources */ = {isa = PBXBuildFile; fileRef = 44F26AE224FE8129006D3E92 /* TopRatedCell.swift */; };
		44F26AE524FE9DE9006D3E92 /* SectionHeaderView.swift in Sources */ = {isa = PBXBuildFile; fileRef = 44F26AE424FE9DE9006D3E92 /* SectionHeaderView.swift */; };
/* End PBXBuildFile section */

/* Begin PBXFileReference section */
		0337A3E55D6A9099974D1EC3 /* Pods-MoviesMVVMApp.debug.xcconfig */ = {isa = PBXFileReference; includeInIndex = 1; lastKnownFileType = text.xcconfig; name = "Pods-MoviesMVVMApp.debug.xcconfig"; path = "Target Support Files/Pods-MoviesMVVMApp/Pods-MoviesMVVMApp.debug.xcconfig"; sourceTree = "<group>"; };
		4442D54024FFC3360018C3D8 /* MovieDetailsViewController.swift */ = {isa = PBXFileReference; lastKnownFileType = sourcecode.swift; path = MovieDetailsViewController.swift; sourceTree = "<group>"; };
		4492937424FAEC77005B20AF /* MoviesMVVMApp.app */ = {isa = PBXFileReference; explicitFileType = wrapper.application; includeInIndex = 0; path = MoviesMVVMApp.app; sourceTree = BUILT_PRODUCTS_DIR; };
		4492937724FAEC77005B20AF /* AppDelegate.swift */ = {isa = PBXFileReference; lastKnownFileType = sourcecode.swift; path = AppDelegate.swift; sourceTree = "<group>"; };
		4492937924FAEC77005B20AF /* SceneDelegate.swift */ = {isa = PBXFileReference; lastKnownFileType = sourcecode.swift; path = SceneDelegate.swift; sourceTree = "<group>"; };
		4492937B24FAEC77005B20AF /* ViewController.swift */ = {isa = PBXFileReference; lastKnownFileType = sourcecode.swift; path = ViewController.swift; sourceTree = "<group>"; };
		4492937E24FAEC77005B20AF /* Base */ = {isa = PBXFileReference; lastKnownFileType = file.storyboard; name = Base; path = Base.lproj/Main.storyboard; sourceTree = "<group>"; };
		4492938024FAEC80005B20AF /* Assets.xcassets */ = {isa = PBXFileReference; lastKnownFileType = folder.assetcatalog; path = Assets.xcassets; sourceTree = "<group>"; };
		4492938324FAEC80005B20AF /* Base */ = {isa = PBXFileReference; lastKnownFileType = file.storyboard; name = Base; path = Base.lproj/LaunchScreen.storyboard; sourceTree = "<group>"; };
		4492938524FAEC80005B20AF /* Info.plist */ = {isa = PBXFileReference; lastKnownFileType = text.plist.xml; path = Info.plist; sourceTree = "<group>"; };
		4492938B24FAEE58005B20AF /* Movie.swift */ = {isa = PBXFileReference; lastKnownFileType = sourcecode.swift; path = Movie.swift; sourceTree = "<group>"; };
		4492938E24FAF869005B20AF /* MovieAPIManager.swift */ = {isa = PBXFileReference; lastKnownFileType = sourcecode.swift; path = MovieAPIManager.swift; sourceTree = "<group>"; };
		4492939124FAF884005B20AF /* APIManager.swift */ = {isa = PBXFileReference; lastKnownFileType = sourcecode.swift; path = APIManager.swift; sourceTree = "<group>"; };
		4492939524FB0899005B20AF /* NetworkError.swift */ = {isa = PBXFileReference; lastKnownFileType = sourcecode.swift; path = NetworkError.swift; sourceTree = "<group>"; };
		4492939824FD492D005B20AF /* MoviesData.swift */ = {isa = PBXFileReference; lastKnownFileType = sourcecode.swift; path = MoviesData.swift; sourceTree = "<group>"; };
		4492939A24FD4D6A005B20AF /* MoviesViewModel.swift */ = {isa = PBXFileReference; lastKnownFileType = sourcecode.swift; path = MoviesViewModel.swift; sourceTree = "<group>"; };
		44F26AD724FE42C7006D3E92 /* TodayMovieCell.swift */ = {isa = PBXFileReference; lastKnownFileType = sourcecode.swift; path = TodayMovieCell.swift; sourceTree = "<group>"; };
		44F26AD924FE4354006D3E92 /* ChipView.swift */ = {isa = PBXFileReference; lastKnownFileType = sourcecode.swift; path = ChipView.swift; sourceTree = "<group>"; };
		44F26ADB24FE587E006D3E92 /* MovieViewModel.swift */ = {isa = PBXFileReference; lastKnownFileType = sourcecode.swift; path = MovieViewModel.swift; sourceTree = "<group>"; };
		44F26ADE24FE6772006D3E92 /* ImageView + MA.swift */ = {isa = PBXFileReference; lastKnownFileType = sourcecode.swift; path = "ImageView + MA.swift"; sourceTree = "<group>"; };
		44F26AE024FE67C0006D3E92 /* ImageCache.swift */ = {isa = PBXFileReference; lastKnownFileType = sourcecode.swift; path = ImageCache.swift; sourceTree = "<group>"; };
		44F26AE224FE8129006D3E92 /* TopRatedCell.swift */ = {isa = PBXFileReference; lastKnownFileType = sourcecode.swift; path = TopRatedCell.swift; sourceTree = "<group>"; };
		44F26AE424FE9DE9006D3E92 /* SectionHeaderView.swift */ = {isa = PBXFileReference; lastKnownFileType = sourcecode.swift; path = SectionHeaderView.swift; sourceTree = "<group>"; };
		5E073651B36C73BC976628C2 /* Pods-MoviesMVVMApp.release.xcconfig */ = {isa = PBXFileReference; includeInIndex = 1; lastKnownFileType = text.xcconfig; name = "Pods-MoviesMVVMApp.release.xcconfig"; path = "Target Support Files/Pods-MoviesMVVMApp/Pods-MoviesMVVMApp.release.xcconfig"; sourceTree = "<group>"; };
		DEA3E8B8B7919D1EFFFBFC0B /* Pods_MoviesMVVMApp.framework */ = {isa = PBXFileReference; explicitFileType = wrapper.framework; includeInIndex = 0; path = Pods_MoviesMVVMApp.framework; sourceTree = BUILT_PRODUCTS_DIR; };
/* End PBXFileReference section */

/* Begin PBXFrameworksBuildPhase section */
		4492937124FAEC77005B20AF /* Frameworks */ = {
			isa = PBXFrameworksBuildPhase;
			buildActionMask = 2147483647;
			files = (
				2BC36A764DD0F0744E288252 /* Pods_MoviesMVVMApp.framework in Frameworks */,
			);
			runOnlyForDeploymentPostprocessing = 0;
		};
/* End PBXFrameworksBuildPhase section */

/* Begin PBXGroup section */
		4492936B24FAEC77005B20AF = {
			isa = PBXGroup;
			children = (
				4492937624FAEC77005B20AF /* MoviesMVVMApp */,
				4492937524FAEC77005B20AF /* Products */,
				502D6B337295D371809FF37B /* Pods */,
				5E4E731811BB6E2E04E8AA7B /* Frameworks */,
			);
			sourceTree = "<group>";
		};
		4492937524FAEC77005B20AF /* Products */ = {
			isa = PBXGroup;
			children = (
				4492937424FAEC77005B20AF /* MoviesMVVMApp.app */,
			);
			name = Products;
			sourceTree = "<group>";
		};
		4492937624FAEC77005B20AF /* MoviesMVVMApp */ = {
			isa = PBXGroup;
			children = (
				4492937724FAEC77005B20AF /* AppDelegate.swift */,
				4492937924FAEC77005B20AF /* SceneDelegate.swift */,
				44F26ADD24FE6729006D3E92 /* Utils */,
				44F26AD624FE42A3006D3E92 /* Views */,
				4492939C24FD4D74005B20AF /* ViewModels */,
				4492939724FBDF5E005B20AF /* Controllers */,
				4492938D24FAF3E7005B20AF /* Model */,
				4492939024FAF86D005B20AF /* Networking */,
				4492937D24FAEC77005B20AF /* Main.storyboard */,
				4492938024FAEC80005B20AF /* Assets.xcassets */,
				4492938224FAEC80005B20AF /* LaunchScreen.storyboard */,
				4492938524FAEC80005B20AF /* Info.plist */,
			);
			path = MoviesMVVMApp;
			sourceTree = "<group>";
		};
		4492938D24FAF3E7005B20AF /* Model */ = {
			isa = PBXGroup;
			children = (
				4492938B24FAEE58005B20AF /* Movie.swift */,
				4492939824FD492D005B20AF /* MoviesData.swift */,
			);
			path = Model;
			sourceTree = "<group>";
		};
		4492939024FAF86D005B20AF /* Networking */ = {
			isa = PBXGroup;
			children = (
				4492938E24FAF869005B20AF /* MovieAPIManager.swift */,
				4492939124FAF884005B20AF /* APIManager.swift */,
				4492939524FB0899005B20AF /* NetworkError.swift */,
			);
			path = Networking;
			sourceTree = "<group>";
		};
		4492939724FBDF5E005B20AF /* Controllers */ = {
			isa = PBXGroup;
			children = (
				4492937B24FAEC77005B20AF /* ViewController.swift */,
				4442D54024FFC3360018C3D8 /* MovieDetailsViewController.swift */,
			);
			path = Controllers;
			sourceTree = "<group>";
		};
		4492939C24FD4D74005B20AF /* ViewModels */ = {
			isa = PBXGroup;
			children = (
				4492939A24FD4D6A005B20AF /* MoviesViewModel.swift */,
				44F26ADB24FE587E006D3E92 /* MovieViewModel.swift */,
			);
			path = ViewModels;
			sourceTree = "<group>";
		};
		44F26AD624FE42A3006D3E92 /* Views */ = {
			isa = PBXGroup;
			children = (
				44F26AD724FE42C7006D3E92 /* TodayMovieCell.swift */,
				44F26AE224FE8129006D3E92 /* TopRatedCell.swift */,
				44F26AE424FE9DE9006D3E92 /* SectionHeaderView.swift */,
				44F26AD924FE4354006D3E92 /* ChipView.swift */,
			);
			path = Views;
			sourceTree = "<group>";
		};
		44F26ADD24FE6729006D3E92 /* Utils */ = {
			isa = PBXGroup;
			children = (
				44F26ADE24FE6772006D3E92 /* ImageView + MA.swift */,
				44F26AE024FE67C0006D3E92 /* ImageCache.swift */,
			);
			path = Utils;
			sourceTree = "<group>";
		};
		502D6B337295D371809FF37B /* Pods */ = {
			isa = PBXGroup;
			children = (
				0337A3E55D6A9099974D1EC3 /* Pods-MoviesMVVMApp.debug.xcconfig */,
				5E073651B36C73BC976628C2 /* Pods-MoviesMVVMApp.release.xcconfig */,
			);
			path = Pods;
			sourceTree = "<group>";
		};
		5E4E731811BB6E2E04E8AA7B /* Frameworks */ = {
			isa = PBXGroup;
			children = (
				DEA3E8B8B7919D1EFFFBFC0B /* Pods_MoviesMVVMApp.framework */,
			);
			name = Frameworks;
			sourceTree = "<group>";
		};
/* End PBXGroup section */

/* Begin PBXNativeTarget section */
		4492937324FAEC77005B20AF /* MoviesMVVMApp */ = {
			isa = PBXNativeTarget;
			buildConfigurationList = 4492938824FAEC80005B20AF /* Build configuration list for PBXNativeTarget "MoviesMVVMApp" */;
			buildPhases = (
				C01738CCF2863EFC3D38AC64 /* [CP] Check Pods Manifest.lock */,
				4492937024FAEC77005B20AF /* Sources */,
				4492937124FAEC77005B20AF /* Frameworks */,
				4492937224FAEC77005B20AF /* Resources */,
				C1133A97CD937B552CAEE8BF /* [CP] Embed Pods Frameworks */,
			);
			buildRules = (
			);
			dependencies = (
			);
			name = MoviesMVVMApp;
			productName = MoviesMVVMApp;
			productReference = 4492937424FAEC77005B20AF /* MoviesMVVMApp.app */;
			productType = "com.apple.product-type.application";
		};
/* End PBXNativeTarget section */

/* Begin PBXProject section */
		4492936C24FAEC77005B20AF /* Project object */ = {
			isa = PBXProject;
			attributes = {
				LastSwiftUpdateCheck = 1160;
				LastUpgradeCheck = 1160;
				ORGANIZATIONNAME = "Alex Koblik-Zelter";
				TargetAttributes = {
					4492937324FAEC77005B20AF = {
						CreatedOnToolsVersion = 11.6;
					};
				};
			};
			buildConfigurationList = 4492936F24FAEC77005B20AF /* Build configuration list for PBXProject "MoviesMVVMApp" */;
			compatibilityVersion = "Xcode 9.3";
			developmentRegion = en;
			hasScannedForEncodings = 0;
			knownRegions = (
				en,
				Base,
			);
			mainGroup = 4492936B24FAEC77005B20AF;
			productRefGroup = 4492937524FAEC77005B20AF /* Products */;
			projectDirPath = "";
			projectRoot = "";
			targets = (
				4492937324FAEC77005B20AF /* MoviesMVVMApp */,
			);
		};
/* End PBXProject section */

/* Begin PBXResourcesBuildPhase section */
		4492937224FAEC77005B20AF /* Resources */ = {
			isa = PBXResourcesBuildPhase;
			buildActionMask = 2147483647;
			files = (
				4492938424FAEC80005B20AF /* LaunchScreen.storyboard in Resources */,
				4492938124FAEC80005B20AF /* Assets.xcassets in Resources */,
				4492937F24FAEC77005B20AF /* Main.storyboard in Resources */,
			);
			runOnlyForDeploymentPostprocessing = 0;
		};
/* End PBXResourcesBuildPhase section */

/* Begin PBXShellScriptBuildPhase section */
		C01738CCF2863EFC3D38AC64 /* [CP] Check Pods Manifest.lock */ = {
			isa = PBXShellScriptBuildPhase;
			buildActionMask = 2147483647;
			files = (
			);
			inputFileListPaths = (
			);
			inputPaths = (
				"${PODS_PODFILE_DIR_PATH}/Podfile.lock",
				"${PODS_ROOT}/Manifest.lock",
			);
			name = "[CP] Check Pods Manifest.lock";
			outputFileListPaths = (
			);
			outputPaths = (
				"$(DERIVED_FILE_DIR)/Pods-MoviesMVVMApp-checkManifestLockResult.txt",
			);
			runOnlyForDeploymentPostprocessing = 0;
			shellPath = /bin/sh;
			shellScript = "diff \"${PODS_PODFILE_DIR_PATH}/Podfile.lock\" \"${PODS_ROOT}/Manifest.lock\" > /dev/null\nif [ $? != 0 ] ; then\n    # print error to STDERR\n    echo \"error: The sandbox is not in sync with the Podfile.lock. Run 'pod install' or update your CocoaPods installation.\" >&2\n    exit 1\nfi\n# This output is used by Xcode 'outputs' to avoid re-running this script phase.\necho \"SUCCESS\" > \"${SCRIPT_OUTPUT_FILE_0}\"\n";
			showEnvVarsInLog = 0;
		};
		C1133A97CD937B552CAEE8BF /* [CP] Embed Pods Frameworks */ = {
			isa = PBXShellScriptBuildPhase;
			buildActionMask = 2147483647;
			files = (
			);
			inputFileListPaths = (
				"${PODS_ROOT}/Target Support Files/Pods-MoviesMVVMApp/Pods-MoviesMVVMApp-frameworks-${CONFIGURATION}-input-files.xcfilelist",
			);
			name = "[CP] Embed Pods Frameworks";
			outputFileListPaths = (
				"${PODS_ROOT}/Target Support Files/Pods-MoviesMVVMApp/Pods-MoviesMVVMApp-frameworks-${CONFIGURATION}-output-files.xcfilelist",
			);
			runOnlyForDeploymentPostprocessing = 0;
			shellPath = /bin/sh;
			shellScript = "\"${PODS_ROOT}/Target Support Files/Pods-MoviesMVVMApp/Pods-MoviesMVVMApp-frameworks.sh\"\n";
			showEnvVarsInLog = 0;
		};
/* End PBXShellScriptBuildPhase section */

/* Begin PBXSourcesBuildPhase section */
		4492937024FAEC77005B20AF /* Sources */ = {
			isa = PBXSourcesBuildPhase;
			buildActionMask = 2147483647;
			files = (
				4492939224FAF884005B20AF /* APIManager.swift in Sources */,
				44F26AE324FE8129006D3E92 /* TopRatedCell.swift in Sources */,
				4492939624FB0899005B20AF /* NetworkError.swift in Sources */,
				4492937C24FAEC77005B20AF /* ViewController.swift in Sources */,
				4492937824FAEC77005B20AF /* AppDelegate.swift in Sources */,
				44F26AD824FE42C7006D3E92 /* TodayMovieCell.swift in Sources */,
				4492939B24FD4D6A005B20AF /* MoviesViewModel.swift in Sources */,
				4492938F24FAF869005B20AF /* MovieAPIManager.swift in Sources */,
				4492938C24FAEE58005B20AF /* Movie.swift in Sources */,
				4492939924FD492D005B20AF /* MoviesData.swift in Sources */,
				44F26ADF24FE6772006D3E92 /* ImageView + MA.swift in Sources */,
				44F26AE524FE9DE9006D3E92 /* SectionHeaderView.swift in Sources */,
				4492937A24FAEC77005B20AF /* SceneDelegate.swift in Sources */,
				44F26ADA24FE4354006D3E92 /* ChipView.swift in Sources */,
				44F26AE124FE67C0006D3E92 /* ImageCache.swift in Sources */,
				44F26ADC24FE587E006D3E92 /* MovieViewModel.swift in Sources */,
				4442D54124FFC3360018C3D8 /* MovieDetailsViewController.swift in Sources */,
			);
			runOnlyForDeploymentPostprocessing = 0;
		};
/* End PBXSourcesBuildPhase section */

/* Begin PBXVariantGroup section */
		4492937D24FAEC77005B20AF /* Main.storyboard */ = {
			isa = PBXVariantGroup;
			children = (
				4492937E24FAEC77005B20AF /* Base */,
			);
			name = Main.storyboard;
			sourceTree = "<group>";
		};
		4492938224FAEC80005B20AF /* LaunchScreen.storyboard */ = {
			isa = PBXVariantGroup;
			children = (
				4492938324FAEC80005B20AF /* Base */,
			);
			name = LaunchScreen.storyboard;
			sourceTree = "<group>";
		};
/* End PBXVariantGroup section */

/* Begin XCBuildConfiguration section */
		4492938624FAEC80005B20AF /* Debug */ = {
			isa = XCBuildConfiguration;
			buildSettings = {
				ALWAYS_SEARCH_USER_PATHS = NO;
				CLANG_ANALYZER_NONNULL = YES;
				CLANG_ANALYZER_NUMBER_OBJECT_CONVERSION = YES_AGGRESSIVE;
				CLANG_CXX_LANGUAGE_STANDARD = "gnu++14";
				CLANG_CXX_LIBRARY = "libc++";
				CLANG_ENABLE_MODULES = YES;
				CLANG_ENABLE_OBJC_ARC = YES;
				CLANG_ENABLE_OBJC_WEAK = YES;
				CLANG_WARN_BLOCK_CAPTURE_AUTORELEASING = YES;
				CLANG_WARN_BOOL_CONVERSION = YES;
				CLANG_WARN_COMMA = YES;
				CLANG_WARN_CONSTANT_CONVERSION = YES;
				CLANG_WARN_DEPRECATED_OBJC_IMPLEMENTATIONS = YES;
				CLANG_WARN_DIRECT_OBJC_ISA_USAGE = YES_ERROR;
				CLANG_WARN_DOCUMENTATION_COMMENTS = YES;
				CLANG_WARN_EMPTY_BODY = YES;
				CLANG_WARN_ENUM_CONVERSION = YES;
				CLANG_WARN_INFINITE_RECURSION = YES;
				CLANG_WARN_INT_CONVERSION = YES;
				CLANG_WARN_NON_LITERAL_NULL_CONVERSION = YES;
				CLANG_WARN_OBJC_IMPLICIT_RETAIN_SELF = YES;
				CLANG_WARN_OBJC_LITERAL_CONVERSION = YES;
				CLANG_WARN_OBJC_ROOT_CLASS = YES_ERROR;
				CLANG_WARN_RANGE_LOOP_ANALYSIS = YES;
				CLANG_WARN_STRICT_PROTOTYPES = YES;
				CLANG_WARN_SUSPICIOUS_MOVE = YES;
				CLANG_WARN_UNGUARDED_AVAILABILITY = YES_AGGRESSIVE;
				CLANG_WARN_UNREACHABLE_CODE = YES;
				CLANG_WARN__DUPLICATE_METHOD_MATCH = YES;
				COPY_PHASE_STRIP = NO;
				DEBUG_INFORMATION_FORMAT = dwarf;
				ENABLE_STRICT_OBJC_MSGSEND = YES;
				ENABLE_TESTABILITY = YES;
				GCC_C_LANGUAGE_STANDARD = gnu11;
				GCC_DYNAMIC_NO_PIC = NO;
				GCC_NO_COMMON_BLOCKS = YES;
				GCC_OPTIMIZATION_LEVEL = 0;
				GCC_PREPROCESSOR_DEFINITIONS = (
					"DEBUG=1",
					"$(inherited)",
				);
				GCC_WARN_64_TO_32_BIT_CONVERSION = YES;
				GCC_WARN_ABOUT_RETURN_TYPE = YES_ERROR;
				GCC_WARN_UNDECLARED_SELECTOR = YES;
				GCC_WARN_UNINITIALIZED_AUTOS = YES_AGGRESSIVE;
				GCC_WARN_UNUSED_FUNCTION = YES;
				GCC_WARN_UNUSED_VARIABLE = YES;
				IPHONEOS_DEPLOYMENT_TARGET = 13.6;
				MTL_ENABLE_DEBUG_INFO = INCLUDE_SOURCE;
				MTL_FAST_MATH = YES;
				ONLY_ACTIVE_ARCH = YES;
				SDKROOT = iphoneos;
				SWIFT_ACTIVE_COMPILATION_CONDITIONS = DEBUG;
				SWIFT_OPTIMIZATION_LEVEL = "-Onone";
			};
			name = Debug;
		};
		4492938724FAEC80005B20AF /* Release */ = {
			isa = XCBuildConfiguration;
			buildSettings = {
				ALWAYS_SEARCH_USER_PATHS = NO;
				CLANG_ANALYZER_NONNULL = YES;
				CLANG_ANALYZER_NUMBER_OBJECT_CONVERSION = YES_AGGRESSIVE;
				CLANG_CXX_LANGUAGE_STANDARD = "gnu++14";
				CLANG_CXX_LIBRARY = "libc++";
				CLANG_ENABLE_MODULES = YES;
				CLANG_ENABLE_OBJC_ARC = YES;
				CLANG_ENABLE_OBJC_WEAK = YES;
				CLANG_WARN_BLOCK_CAPTURE_AUTORELEASING = YES;
				CLANG_WARN_BOOL_CONVERSION = YES;
				CLANG_WARN_COMMA = YES;
				CLANG_WARN_CONSTANT_CONVERSION = YES;
				CLANG_WARN_DEPRECATED_OBJC_IMPLEMENTATIONS = YES;
				CLANG_WARN_DIRECT_OBJC_ISA_USAGE = YES_ERROR;
				CLANG_WARN_DOCUMENTATION_COMMENTS = YES;
				CLANG_WARN_EMPTY_BODY = YES;
				CLANG_WARN_ENUM_CONVERSION = YES;
				CLANG_WARN_INFINITE_RECURSION = YES;
				CLANG_WARN_INT_CONVERSION = YES;
				CLANG_WARN_NON_LITERAL_NULL_CONVERSION = YES;
				CLANG_WARN_OBJC_IMPLICIT_RETAIN_SELF = YES;
				CLANG_WARN_OBJC_LITERAL_CONVERSION = YES;
				CLANG_WARN_OBJC_ROOT_CLASS = YES_ERROR;
				CLANG_WARN_RANGE_LOOP_ANALYSIS = YES;
				CLANG_WARN_STRICT_PROTOTYPES = YES;
				CLANG_WARN_SUSPICIOUS_MOVE = YES;
				CLANG_WARN_UNGUARDED_AVAILABILITY = YES_AGGRESSIVE;
				CLANG_WARN_UNREACHABLE_CODE = YES;
				CLANG_WARN__DUPLICATE_METHOD_MATCH = YES;
				COPY_PHASE_STRIP = NO;
				DEBUG_INFORMATION_FORMAT = "dwarf-with-dsym";
				ENABLE_NS_ASSERTIONS = NO;
				ENABLE_STRICT_OBJC_MSGSEND = YES;
				GCC_C_LANGUAGE_STANDARD = gnu11;
				GCC_NO_COMMON_BLOCKS = YES;
				GCC_WARN_64_TO_32_BIT_CONVERSION = YES;
				GCC_WARN_ABOUT_RETURN_TYPE = YES_ERROR;
				GCC_WARN_UNDECLARED_SELECTOR = YES;
				GCC_WARN_UNINITIALIZED_AUTOS = YES_AGGRESSIVE;
				GCC_WARN_UNUSED_FUNCTION = YES;
				GCC_WARN_UNUSED_VARIABLE = YES;
				IPHONEOS_DEPLOYMENT_TARGET = 13.6;
				MTL_ENABLE_DEBUG_INFO = NO;
				MTL_FAST_MATH = YES;
				SDKROOT = iphoneos;
				SWIFT_COMPILATION_MODE = wholemodule;
				SWIFT_OPTIMIZATION_LEVEL = "-O";
				VALIDATE_PRODUCT = YES;
			};
			name = Release;
		};
		4492938924FAEC80005B20AF /* Debug */ = {
			isa = XCBuildConfiguration;
			baseConfigurationReference = 0337A3E55D6A9099974D1EC3 /* Pods-MoviesMVVMApp.debug.xcconfig */;
			buildSettings = {
				ASSETCATALOG_COMPILER_APPICON_NAME = AppIcon;
				CODE_SIGN_STYLE = Automatic;
				DEVELOPMENT_TEAM = 6H3R3SVSKL;
				INFOPLIST_FILE = MoviesMVVMApp/Info.plist;
				LD_RUNPATH_SEARCH_PATHS = (
					"$(inherited)",
					"@executable_path/Frameworks",
				);
				PRODUCT_BUNDLE_IDENTIFIER = ackz.MoviesMVVMApp;
				PRODUCT_NAME = "$(TARGET_NAME)";
				SWIFT_VERSION = 5.0;
				TARGETED_DEVICE_FAMILY = "1,2";
			};
			name = Debug;
		};
		4492938A24FAEC80005B20AF /* Release */ = {
			isa = XCBuildConfiguration;
			baseConfigurationReference = 5E073651B36C73BC976628C2 /* Pods-MoviesMVVMApp.release.xcconfig */;
			buildSettings = {
				ASSETCATALOG_COMPILER_APPICON_NAME = AppIcon;
				CODE_SIGN_STYLE = Automatic;
				DEVELOPMENT_TEAM = 6H3R3SVSKL;
				INFOPLIST_FILE = MoviesMVVMApp/Info.plist;
				LD_RUNPATH_SEARCH_PATHS = (
					"$(inherited)",
					"@executable_path/Frameworks",
				);
				PRODUCT_BUNDLE_IDENTIFIER = ackz.MoviesMVVMApp;
				PRODUCT_NAME = "$(TARGET_NAME)";
				SWIFT_VERSION = 5.0;
				TARGETED_DEVICE_FAMILY = "1,2";
			};
			name = Release;
		};
/* End XCBuildConfiguration section */

/* Begin XCConfigurationList section */
		4492936F24FAEC77005B20AF /* Build configuration list for PBXProject "MoviesMVVMApp" */ = {
			isa = XCConfigurationList;
			buildConfigurations = (
				4492938624FAEC80005B20AF /* Debug */,
				4492938724FAEC80005B20AF /* Release */,
			);
			defaultConfigurationIsVisible = 0;
			defaultConfigurationName = Release;
		};
		4492938824FAEC80005B20AF /* Build configuration list for PBXNativeTarget "MoviesMVVMApp" */ = {
			isa = XCConfigurationList;
			buildConfigurations = (
				4492938924FAEC80005B20AF /* Debug */,
				4492938A24FAEC80005B20AF /* Release */,
			);
			defaultConfigurationIsVisible = 0;
			defaultConfigurationName = Release;
		};
/* End XCConfigurationList section */
	};
	rootObject = 4492936C24FAEC77005B20AF /* Project object */;
}
